
Microsoft Visual Studio Solution File, Format Version 12.00
# Visual Studio Version 16
VisualStudioVersion = 16.0.32228.343
MinimumVisualStudioVersion = 10.0.40219.1
Project("{FAE04EC0-301F-11D3-BF4B-00C04F79EFBC}") = "CSharpProject04", "CSharpProject04\CSharpProject04.csproj", "{46E92EC3-6AAA-4A67-825A-F7539DB7624B}"
EndProject
Project("{FAE04EC0-301F-11D3-BF4B-00C04F79EFBC}") = "CSharpProject04Data", "ClassLibrary\CSharpProject04Data.csproj", "{CFD71D37-C51F-469D-8BAE-D6D95A64FC86}"
EndProject
Global
	GlobalSection(SolutionConfigurationPlatforms) = preSolution
		Debug|Any CPU = Debug|Any CPU
		Release|Any CPU = Release|Any CPU
	EndGlobalSection
	GlobalSection(ProjectConfigurationPlatforms) = postSolution
		{46E92EC3-6AAA-4A67-825A-F7539DB7624B}.Debug|Any CPU.ActiveCfg = Debug|Any CPU
		{46E92EC3-6AAA-4A67-825A-F7539DB7624B}.Debug|Any CPU.Build.0 = Debug|Any CPU
		{46E92EC3-6AAA-4A67-825A-F7539DB7624B}.Release|Any CPU.ActiveCfg = Release|Any CPU
		{46E92EC3-6AAA-4A67-825A-F7539DB7624B}.Release|Any CPU.Build.0 = Release|Any CPU
		{CFD71D37-C51F-469D-8BAE-D6D95A64FC86}.Debug|Any CPU.ActiveCfg = Debug|Any CPU
		{CFD71D37-C51F-469D-8BAE-D6D95A64FC86}.Debug|Any CPU.Build.0 = Debug|Any CPU
		{CFD71D37-C51F-469D-8BAE-D6D95A64FC86}.Release|Any CPU.ActiveCfg = Release|Any CPU
		{CFD71D37-C51F-469D-8BAE-D6D95A64FC86}.Release|Any CPU.Build.0 = Release|Any CPU
	EndGlobalSection
	GlobalSection(SolutionProperties) = preSolution
		HideSolutionNode = FALSE
	EndGlobalSection
	GlobalSection(ExtensibilityGlobals) = postSolution
		SolutionGuid = {E419DCCD-24ED-42F5-BE0C-BED3C55D5883}
	EndGlobalSection
EndGlobal
